
Microsoft Visual Studio Solution File, Format Version 12.00
# Visual Studio 14
VisualStudioVersion = 14.0.23107.0
MinimumVisualStudioVersion = 10.0.40219.1
Project("{8BC9CEB8-8B4A-11D0-8D11-00A0C91BC942}") = "SocketIO", "SocketIO\SocketIO.vcxproj", "{EAB89C26-6EA7-4B44-B2FD-2CCC42DB64F5}"
EndProject
Project("{8BC9CEB8-8B4A-11D0-8D11-00A0C91BC942}") = "sioclient", "socket.io-client-cpp\build\sioclient.vcxproj", "{3625ADFD-8F4E-34B3-A443-27BE85CFB7F9}"
EndProject
Project("{FAE04EC0-301F-11D3-BF4B-00C04F79EFBC}") = "SocketIO.Test", "SocketIO.Test\SocketIO.Test.csproj", "{FB156874-3A82-4432-8BE4-CC6F279B39BE}"
EndProject
Global
	GlobalSection(SolutionConfigurationPlatforms) = preSolution
		Debug|Any CPU = Debug|Any CPU
		Debug|x64 = Debug|x64
		Debug|x86 = Debug|x86
		MinSizeRel|Any CPU = MinSizeRel|Any CPU
		MinSizeRel|x64 = MinSizeRel|x64
		MinSizeRel|x86 = MinSizeRel|x86
		Release|Any CPU = Release|Any CPU
		Release|x64 = Release|x64
		Release|x86 = Release|x86
		RelWithDebInfo|Any CPU = RelWithDebInfo|Any CPU
		RelWithDebInfo|x64 = RelWithDebInfo|x64
		RelWithDebInfo|x86 = RelWithDebInfo|x86
	EndGlobalSection
	GlobalSection(ProjectConfigurationPlatforms) = postSolution
		{EAB89C26-6EA7-4B44-B2FD-2CCC42DB64F5}.Debug|Any CPU.ActiveCfg = Debug|Win32
		{EAB89C26-6EA7-4B44-B2FD-2CCC42DB64F5}.Debug|x64.ActiveCfg = Debug|x64
		{EAB89C26-6EA7-4B44-B2FD-2CCC42DB64F5}.Debug|x64.Build.0 = Debug|x64
		{EAB89C26-6EA7-4B44-B2FD-2CCC42DB64F5}.Debug|x86.ActiveCfg = Debug|Win32
		{EAB89C26-6EA7-4B44-B2FD-2CCC42DB64F5}.Debug|x86.Build.0 = Debug|Win32
		{EAB89C26-6EA7-4B44-B2FD-2CCC42DB64F5}.MinSizeRel|Any CPU.ActiveCfg = Release|Win32
		{EAB89C26-6EA7-4B44-B2FD-2CCC42DB64F5}.MinSizeRel|Any CPU.Build.0 = Release|Win32
		{EAB89C26-6EA7-4B44-B2FD-2CCC42DB64F5}.MinSizeRel|x64.ActiveCfg = Release|x64
		{EAB89C26-6EA7-4B44-B2FD-2CCC42DB64F5}.MinSizeRel|x64.Build.0 = Release|x64
		{EAB89C26-6EA7-4B44-B2FD-2CCC42DB64F5}.MinSizeRel|x86.ActiveCfg = Release|Win32
		{EAB89C26-6EA7-4B44-B2FD-2CCC42DB64F5}.MinSizeRel|x86.Build.0 = Release|Win32
		{EAB89C26-6EA7-4B44-B2FD-2CCC42DB64F5}.Release|Any CPU.ActiveCfg = Release|Win32
		{EAB89C26-6EA7-4B44-B2FD-2CCC42DB64F5}.Release|x64.ActiveCfg = Release|x64
		{EAB89C26-6EA7-4B44-B2FD-2CCC42DB64F5}.Release|x64.Build.0 = Release|x64
		{EAB89C26-6EA7-4B44-B2FD-2CCC42DB64F5}.Release|x86.ActiveCfg = Release|Win32
		{EAB89C26-6EA7-4B44-B2FD-2CCC42DB64F5}.Release|x86.Build.0 = Release|Win32
		{EAB89C26-6EA7-4B44-B2FD-2CCC42DB64F5}.RelWithDebInfo|Any CPU.ActiveCfg = Release|Win32
		{EAB89C26-6EA7-4B44-B2FD-2CCC42DB64F5}.RelWithDebInfo|Any CPU.Build.0 = Release|Win32
		{EAB89C26-6EA7-4B44-B2FD-2CCC42DB64F5}.RelWithDebInfo|x64.ActiveCfg = Release|x64
		{EAB89C26-6EA7-4B44-B2FD-2CCC42DB64F5}.RelWithDebInfo|x64.Build.0 = Release|x64
		{EAB89C26-6EA7-4B44-B2FD-2CCC42DB64F5}.RelWithDebInfo|x86.ActiveCfg = Release|Win32
		{EAB89C26-6EA7-4B44-B2FD-2CCC42DB64F5}.RelWithDebInfo|x86.Build.0 = Release|Win32
		{3625ADFD-8F4E-34B3-A443-27BE85CFB7F9}.Debug|Any CPU.ActiveCfg = Debug|Win32
		{3625ADFD-8F4E-34B3-A443-27BE85CFB7F9}.Debug|x64.ActiveCfg = Debug|Win32
		{3625ADFD-8F4E-34B3-A443-27BE85CFB7F9}.Debug|x86.ActiveCfg = Debug|Win32
		{3625ADFD-8F4E-34B3-A443-27BE85CFB7F9}.Debug|x86.Build.0 = Debug|Win32
		{3625ADFD-8F4E-34B3-A443-27BE85CFB7F9}.MinSizeRel|Any CPU.ActiveCfg = MinSizeRel|Win32
		{3625ADFD-8F4E-34B3-A443-27BE85CFB7F9}.MinSizeRel|x64.ActiveCfg = MinSizeRel|Win32
		{3625ADFD-8F4E-34B3-A443-27BE85CFB7F9}.MinSizeRel|x86.ActiveCfg = MinSizeRel|Win32
		{3625ADFD-8F4E-34B3-A443-27BE85CFB7F9}.MinSizeRel|x86.Build.0 = MinSizeRel|Win32
		{3625ADFD-8F4E-34B3-A443-27BE85CFB7F9}.Release|Any CPU.ActiveCfg = Release|Win32
		{3625ADFD-8F4E-34B3-A443-27BE85CFB7F9}.Release|x64.ActiveCfg = Release|Win32
		{3625ADFD-8F4E-34B3-A443-27BE85CFB7F9}.Release|x86.ActiveCfg = Release|Win32
		{3625ADFD-8F4E-34B3-A443-27BE85CFB7F9}.Release|x86.Build.0 = Release|Win32
		{3625ADFD-8F4E-34B3-A443-27BE85CFB7F9}.RelWithDebInfo|Any CPU.ActiveCfg = RelWithDebInfo|Win32
		{3625ADFD-8F4E-34B3-A443-27BE85CFB7F9}.RelWithDebInfo|x64.ActiveCfg = RelWithDebInfo|Win32
		{3625ADFD-8F4E-34B3-A443-27BE85CFB7F9}.RelWithDebInfo|x86.ActiveCfg = RelWithDebInfo|Win32
		{3625ADFD-8F4E-34B3-A443-27BE85CFB7F9}.RelWithDebInfo|x86.Build.0 = RelWithDebInfo|Win32
		{FB156874-3A82-4432-8BE4-CC6F279B39BE}.Debug|Any CPU.ActiveCfg = Debug|Any CPU
		{FB156874-3A82-4432-8BE4-CC6F279B39BE}.Debug|Any CPU.Build.0 = Debug|Any CPU
		{FB156874-3A82-4432-8BE4-CC6F279B39BE}.Debug|x64.ActiveCfg = Debug|Any CPU
		{FB156874-3A82-4432-8BE4-CC6F279B39BE}.Debug|x64.Build.0 = Debug|Any CPU
		{FB156874-3A82-4432-8BE4-CC6F279B39BE}.Debug|x86.ActiveCfg = Debug|Any CPU
		{FB156874-3A82-4432-8BE4-CC6F279B39BE}.Debug|x86.Build.0 = Debug|Any CPU
		{FB156874-3A82-4432-8BE4-CC6F279B39BE}.MinSizeRel|Any CPU.ActiveCfg = Release|Any CPU
		{FB156874-3A82-4432-8BE4-CC6F279B39BE}.MinSizeRel|Any CPU.Build.0 = Release|Any CPU
		{FB156874-3A82-4432-8BE4-CC6F279B39BE}.MinSizeRel|x64.ActiveCfg = Release|Any CPU
		{FB156874-3A82-4432-8BE4-CC6F279B39BE}.MinSizeRel|x64.Build.0 = Release|Any CPU
		{FB156874-3A82-4432-8BE4-CC6F279B39BE}.MinSizeRel|x86.ActiveCfg = Release|Any CPU
		{FB156874-3A82-4432-8BE4-CC6F279B39BE}.MinSizeRel|x86.Build.0 = Release|Any CPU
		{FB156874-3A82-4432-8BE4-CC6F279B39BE}.Release|Any CPU.ActiveCfg = Release|Any CPU
		{FB156874-3A82-4432-8BE4-CC6F279B39BE}.Release|Any CPU.Build.0 = Release|Any CPU
		{FB156874-3A82-4432-8BE4-CC6F279B39BE}.Release|x64.ActiveCfg = Release|Any CPU
		{FB156874-3A82-4432-8BE4-CC6F279B39BE}.Release|x64.Build.0 = Release|Any CPU
		{FB156874-3A82-4432-8BE4-CC6F279B39BE}.Release|x86.ActiveCfg = Release|Any CPU
		{FB156874-3A82-4432-8BE4-CC6F279B39BE}.Release|x86.Build.0 = Release|Any CPU
		{FB156874-3A82-4432-8BE4-CC6F279B39BE}.RelWithDebInfo|Any CPU.ActiveCfg = Release|Any CPU
		{FB156874-3A82-4432-8BE4-CC6F279B39BE}.RelWithDebInfo|Any CPU.Build.0 = Release|Any CPU
		{FB156874-3A82-4432-8BE4-CC6F279B39BE}.RelWithDebInfo|x64.ActiveCfg = Release|Any CPU
		{FB156874-3A82-4432-8BE4-CC6F279B39BE}.RelWithDebInfo|x64.Build.0 = Release|Any CPU
		{FB156874-3A82-4432-8BE4-CC6F279B39BE}.RelWithDebInfo|x86.ActiveCfg = Release|Any CPU
		{FB156874-3A82-4432-8BE4-CC6F279B39BE}.RelWithDebInfo|x86.Build.0 = Release|Any CPU
	EndGlobalSection
	GlobalSection(SolutionProperties) = preSolution
		HideSolutionNode = FALSE
	EndGlobalSection
EndGlobal
